
Microsoft Visual Studio Solution File, Format Version 12.00
# Visual Studio 2013
VisualStudioVersion = 12.0.31101.0
MinimumVisualStudioVersion = 10.0.40219.1
Project("{FAE04EC0-301F-11D3-BF4B-00C04F79EFBC}") = "TestingApp", "TestingApp\TestingApp.csproj", "{460C2005-C0FA-490D-BF82-7D7E62F0096F}"
EndProject
Project("{2150E333-8FDC-42A3-9474-1A3956D46DE8}") = ".nuget", ".nuget", "{1D4D653B-9BFF-48D8-9EC0-931E4A795E89}"
	ProjectSection(SolutionItems) = preProject
		.nuget\NuGet.Config = .nuget\NuGet.Config
		.nuget\NuGet.exe = .nuget\NuGet.exe
		.nuget\NuGet.targets = .nuget\NuGet.targets
	EndProjectSection
EndProject
Global
	GlobalSection(SolutionConfigurationPlatforms) = preSolution
		Debug|Any CPU = Debug|Any CPU
		Debug|ARM = Debug|ARM
		Debug|x86 = Debug|x86
		Release|Any CPU = Release|Any CPU
		Release|ARM = Release|ARM
		Release|x86 = Release|x86
	EndGlobalSection
	GlobalSection(ProjectConfigurationPlatforms) = postSolution
		{460C2005-C0FA-490D-BF82-7D7E62F0096F}.Debug|Any CPU.ActiveCfg = Debug|Any CPU
		{460C2005-C0FA-490D-BF82-7D7E62F0096F}.Debug|Any CPU.Build.0 = Debug|Any CPU
		{460C2005-C0FA-490D-BF82-7D7E62F0096F}.Debug|Any CPU.Deploy.0 = Debug|Any CPU
		{460C2005-C0FA-490D-BF82-7D7E62F0096F}.Debug|ARM.ActiveCfg = Debug|ARM
		{460C2005-C0FA-490D-BF82-7D7E62F0096F}.Debug|ARM.Build.0 = Debug|ARM
		{460C2005-C0FA-490D-BF82-7D7E62F0096F}.Debug|ARM.Deploy.0 = Debug|ARM
		{460C2005-C0FA-490D-BF82-7D7E62F0096F}.Debug|x86.ActiveCfg = Debug|x86
		{460C2005-C0FA-490D-BF82-7D7E62F0096F}.Debug|x86.Build.0 = Debug|x86
		{460C2005-C0FA-490D-BF82-7D7E62F0096F}.Debug|x86.Deploy.0 = Debug|x86
		{460C2005-C0FA-490D-BF82-7D7E62F0096F}.Release|Any CPU.ActiveCfg = Release|Any CPU
		{460C2005-C0FA-490D-BF82-7D7E62F0096F}.Release|Any CPU.Build.0 = Release|Any CPU
		{460C2005-C0FA-490D-BF82-7D7E62F0096F}.Release|Any CPU.Deploy.0 = Release|Any CPU
		{460C2005-C0FA-490D-BF82-7D7E62F0096F}.Release|ARM.ActiveCfg = Release|ARM
		{460C2005-C0FA-490D-BF82-7D7E62F0096F}.Release|ARM.Build.0 = Release|ARM
		{460C2005-C0FA-490D-BF82-7D7E62F0096F}.Release|ARM.Deploy.0 = Release|ARM
		{460C2005-C0FA-490D-BF82-7D7E62F0096F}.Release|x86.ActiveCfg = Release|x86
		{460C2005-C0FA-490D-BF82-7D7E62F0096F}.Release|x86.Build.0 = Release|x86
		{460C2005-C0FA-490D-BF82-7D7E62F0096F}.Release|x86.Deploy.0 = Release|x86
	EndGlobalSection
	GlobalSection(SolutionProperties) = preSolution
		HideSolutionNode = FALSE
	EndGlobalSection
EndGlobal
